<?xml version="1.0" encoding="utf-8"?>
<Project ToolsVersion="4.0" xmlns="http://schemas.microsoft.com/developer/msbuild/2003">
  <ItemGroup>
    <Filter Include="源文件">
      <UniqueIdentifier>{4FC737F1-C7A5-4376-A066-2A32D752A2FF}</UniqueIdentifier>
      <Extensions>cpp;c;cc;cxx;c++;cppm;ixx;def;odl;idl;hpj;bat;asm;asmx</Extensions>
    </Filter>
    <Filter Include="头文件">
      <UniqueIdentifier>{93995380-89BD-4b04-88EB-625FBE52EBFB}</UniqueIdentifier>
      <Extensions>h;hh;hpp;hxx;h++;hm;inl;inc;ipp;xsd</Extensions>
    </Filter>
    <Filter Include="资源文件">
      <UniqueIdentifier>{67DA6AB6-F800-4c08-8B7A-83BB121AAD01}</UniqueIdentifier>
      <Extensions>rc;ico;cur;bmp;dlg;rc2;rct;bin;rgs;gif;jpg;jpeg;jpe;resx;tiff;tif;png;wav;mfcribbon-ms</Extensions>
    </Filter>
    <Filter Include="对话框">
      <UniqueIdentifier>{d44ff74b-7458-43b2-b051-5f7a2cf257ec}</UniqueIdentifier>
    </Filter>
    <Filter Include="自建文件">
      <UniqueIdentifier>{cb45283b-868f-4413-a4c0-87dbd1d45983}</UniqueIdentifier>
    </Filter>
  </ItemGroup>
  <ItemGroup>
    <ClInclude Include="91Control.h">
      <Filter>头文件</Filter>
    </ClInclude>
    <ClInclude Include="framework.h">
      <Filter>头文件</Filter>
    </ClInclude>
    <ClInclude Include="targetver.h">
      <Filter>头文件</Filter>
    </ClInclude>
    <ClInclude Include="MainFrm.h">
      <Filter>头文件</Filter>
    </ClInclude>
    <ClInclude Include="91ControlDoc.h">
      <Filter>头文件</Filter>
    </ClInclude>
    <ClInclude Include="91ControlView.h">
      <Filter>头文件</Filter>
    </ClInclude>
    <ClInclude Include="Resource.h">
      <Filter>头文件</Filter>
    </ClInclude>
    <ClInclude Include="pch.h">
      <Filter>头文件</Filter>
    </ClInclude>
    <ClInclude Include="CCmd.h">
      <Filter>对话框</Filter>
    </ClInclude>
    <ClInclude Include="CScreen.h">
      <Filter>对话框</Filter>
    </ClInclude>
    <ClInclude Include="CMyFile.h">
      <Filter>对话框</Filter>
    </ClInclude>
    <ClInclude Include="Pkg.h">
      <Filter>自建文件</Filter>
    </ClInclude>
    <ClInclude Include="InitSockLib.h">
      <Filter>自建文件</Filter>
    </ClInclude>
    <ClInclude Include="CLock.h">
      <Filter>自建文件</Filter>
    </ClInclude>
  </ItemGroup>
  <ItemGroup>
    <ClCompile Include="91Control.cpp">
      <Filter>源文件</Filter>
    </ClCompile>
    <ClCompile Include="MainFrm.cpp">
      <Filter>源文件</Filter>
    </ClCompile>
    <ClCompile Include="91ControlDoc.cpp">
      <Filter>源文件</Filter>
    </ClCompile>
    <ClCompile Include="91ControlView.cpp">
      <Filter>源文件</Filter>
    </ClCompile>
    <ClCompile Include="pch.cpp">
      <Filter>源文件</Filter>
    </ClCompile>
    <ClCompile Include="CCmd.cpp">
      <Filter>对话框</Filter>
    </ClCompile>
    <ClCompile Include="CScreen.cpp">
      <Filter>对话框</Filter>
    </ClCompile>
    <ClCompile Include="CMyFile.cpp">
      <Filter>对话框</Filter>
    </ClCompile>
    <ClCompile Include="InitSockLib.cpp">
      <Filter>自建文件</Filter>
    </ClCompile>
    <ClCompile Include="CLock.cpp">
      <Filter>自建文件</Filter>
    </ClCompile>
  </ItemGroup>
  <ItemGroup>
    <ResourceCompile Include="My91Control.rc">
      <Filter>资源文件</Filter>
    </ResourceCompile>
  </ItemGroup>
  <ItemGroup>
    <None Include="res\My91Control.rc2">
      <Filter>资源文件</Filter>
    </None>
  </ItemGroup>
  <ItemGroup>
    <Image Include="res\91ControlDoc.ico">
      <Filter>资源文件</Filter>
    </Image>
    <Image Include="res\91Control.ico">
      <Filter>资源文件</Filter>
    </Image>
    <Image Include="res\Toolbar.bmp">
      <Filter>资源文件</Filter>
    </Image>
  </ItemGroup>
</Project>